
Microsoft Visual Studio Solution File, Format Version 12.00
# Visual Studio 15
VisualStudioVersion = 15.0.28307.136
MinimumVisualStudioVersion = 10.0.40219.1
Project("{FAE04EC0-301F-11D3-BF4B-00C04F79EFBC}") = "Eventcore.Monitor.Api", "Eventcore.Monitor.Api\Eventcore.Monitor.Api.csproj", "{EA6C1312-3F4D-4712-BE4C-89A77EC814FD}"
EndProject
Project("{9A19103F-16F7-4668-BE54-9A1E7A4F7556}") = "Eventcore.Monitor.Website", "Eventcore.Monitor.Website\Eventcore.Monitor.Website.csproj", "{B1F5FCBC-82A3-4046-A80C-68ED8328541E}"
EndProject
Global
	GlobalSection(SolutionConfigurationPlatforms) = preSolution
		Debug|Any CPU = Debug|Any CPU
		Release|Any CPU = Release|Any CPU
	EndGlobalSection
	GlobalSection(ProjectConfigurationPlatforms) = postSolution
		{EA6C1312-3F4D-4712-BE4C-89A77EC814FD}.Debug|Any CPU.ActiveCfg = Debug|Any CPU
		{EA6C1312-3F4D-4712-BE4C-89A77EC814FD}.Debug|Any CPU.Build.0 = Debug|Any CPU
		{EA6C1312-3F4D-4712-BE4C-89A77EC814FD}.Release|Any CPU.ActiveCfg = Release|Any CPU
		{EA6C1312-3F4D-4712-BE4C-89A77EC814FD}.Release|Any CPU.Build.0 = Release|Any CPU
		{B1F5FCBC-82A3-4046-A80C-68ED8328541E}.Debug|Any CPU.ActiveCfg = Debug|Any CPU
		{B1F5FCBC-82A3-4046-A80C-68ED8328541E}.Debug|Any CPU.Build.0 = Debug|Any CPU
		{B1F5FCBC-82A3-4046-A80C-68ED8328541E}.Release|Any CPU.ActiveCfg = Release|Any CPU
		{B1F5FCBC-82A3-4046-A80C-68ED8328541E}.Release|Any CPU.Build.0 = Release|Any CPU
	EndGlobalSection
	GlobalSection(SolutionProperties) = preSolution
		HideSolutionNode = FALSE
	EndGlobalSection
	GlobalSection(ExtensibilityGlobals) = postSolution
		SolutionGuid = {9348D094-B293-418F-A5E9-573C07557210}
	EndGlobalSection
EndGlobal
